# This file is autogenerated, do not edit; changes may be undone by the next 'dep ensure'.


[[projects]]
  branch = "master"
  name = "github.com/BurntSushi/toml"
  packages = ["."]
  revision = "a368813c5e648fee92e5f6c30e3944ff9d5e8895"

[[projects]]
  branch = "v1"
  name = "github.com/Masterminds/squirrel"
  packages = ["."]
  revision = "f3d8be4a3bca69543a71773c54dc7b44837ba14c"

[[projects]]
  name = "github.com/aws/aws-sdk-go"
  packages = ["aws","aws/awserr","aws/awsutil","aws/client","aws/client/metadata","aws/corehandlers","aws/credentials","aws/credentials/ec2rolecreds","aws/credentials/endpointcreds","aws/defaults","aws/ec2metadata","aws/request","aws/session","aws/signer/v4","private/endpoints","private/protocol","private/protocol/query","private/protocol/query/queryutil","private/protocol/rest","private/protocol/restxml","private/protocol/xml/xmlutil","private/waiter","service/s3"]
  revision = "4b1578637669ed2a10689caf88cae18dbef08edb"

[[projects]]
  name = "github.com/certifi/gocertifi"
  packages = ["."]
  revision = "3fd9e1adb12b72d2f3f82191d49be9b93c69f67c"
  version = "2017.07.27"

[[projects]]
  name = "github.com/cridenour/go-postgis"
  packages = ["."]
  revision = "07bea7123e00b49f286932473cbaf79b60d40fa5"
  version = "v1.0.0"

[[projects]]
  name = "github.com/devinmcgloin/clr"
  packages = ["clr"]
  revision = "a7f87ef2a71fef1581930c875749f1cc66082e7a"

[[projects]]
  name = "github.com/dgrijalva/jwt-go"
  packages = [".","request"]
  revision = "01aeca54ebda6e0fbfafd0a524d234159c05ec20"

[[projects]]
  name = "github.com/didip/tollbooth"
  packages = [".","errors","libstring","limiter"]
  revision = "8a5832d289e4375d2fc658ed42ef08975b66dceb"
  version = "v2.2.0"

[[projects]]
  name = "github.com/fatih/structs"
  packages = ["."]
  revision = "7e5a8eef611ee84dd359503f3969f80df4c50723"

[[projects]]
  name = "github.com/garyburd/redigo"
  packages = ["internal","redis"]
  revision = "b8dc90050f24c1a73a52f107f3f575be67b21b7c"

[[projects]]
  name = "github.com/getsentry/raven-go"
  packages = ["."]
  revision = "d175f85701dfbf44cb0510114c9943e665e60907"

[[projects]]
  name = "github.com/go-ini/ini"
  packages = ["."]
  revision = "cf53f9204df4fbdd7ec4164b57fa6184ba168292"
  version = "v1.18.0"

[[projects]]
  name = "github.com/gorilla/context"
  packages = ["."]
  revision = "aed02d124ae4a0e94fea4541c8effd05bf0c8296"

[[projects]]
  name = "github.com/gorilla/handlers"
  packages = ["."]
  revision = "af3022d9f924756fae35cb22c400bccdae536e20"

[[projects]]
  name = "github.com/gorilla/mux"
  packages = ["."]
  revision = "d391bea3118c9fc17a88d62c9189bb791255e0ef"

[[projects]]
  branch = "master"
  name = "github.com/heroku/x"
  packages = ["hmetrics","hmetrics/onload"]
  revision = "705849e307dd75c91728463dea5bfd08ef493e64"

[[projects]]
  name = "github.com/jmespath/go-jmespath"
  packages = ["."]
  revision = "0b12d6b521d83fc7f755e7cfc1b1fbdd35a01a74"

[[projects]]
  name = "github.com/jmoiron/sqlx"
  packages = [".","reflectx"]
  revision = "d9bd385d68c068f1fabb5057e3dedcbcbb039d0f"

[[projects]]
  name = "github.com/justinas/alice"
  packages = ["."]
  revision = "1051eaf52fcafdd87ead59d28b065f1fcb8274ec"

[[projects]]
  branch = "master"
  name = "github.com/lann/builder"
  packages = ["."]
  revision = "f22ce00fd9394014049dad11c244859432bd6820"

[[projects]]
  branch = "master"
  name = "github.com/lann/ps"
  packages = ["."]
  revision = "62de8c46ede02a7675c4c79c84883eb164cb71e3"

[[projects]]
  name = "github.com/lib/pq"
  packages = [".","oid"]
  revision = "e42267488fe361b9dc034be7a6bffef5b195bceb"

[[projects]]
  name = "github.com/mholt/binding"
  packages = ["."]
  revision = "9e84d4a48983e44b646bda238afbdb810d79256b"

[[projects]]
  branch = "master"
  name = "github.com/nfnt/resize"
  packages = ["."]
  revision = "891127d8d1b52734debe1b3c3d7e747502b6c366"

[[projects]]
  name = "github.com/patrickmn/go-cache"
  packages = ["."]
  revision = "a3647f8e31d79543b2d0f0ae2fe5c379d72cedc0"
  version = "v2.1.0"

[[projects]]
  name = "github.com/pkg/errors"
  packages = ["."]
  revision = "c605e284fe17294bda444b34710735b29d1a9d90"

[[projects]]
  branch = "master"
  name = "github.com/rs/cors"
  packages = ["."]
  revision = "eabcc6af4bbe5ad3a949d36450326a2b0b9894b8"

[[projects]]
  name = "github.com/rwcarlsen/goexif"
  packages = ["exif","tiff"]
  revision = "709fab3d192d7c62f86043caff1e7e3fb0f42bd8"

[[projects]]
  name = "github.com/satori/go.uuid"
  packages = ["."]
  revision = "5bf94b69c6b68ee1b541973bb8e1144db23a194b"

[[projects]]
  name = "github.com/unrolled/secure"
  packages = ["."]
  revision = "a80c09da9c7bd84aaf622507fd339a9281b8acd1"

[[projects]]
  name = "golang.org/x/net"
  packages = ["context","context/ctxhttp"]
  revision = "1358eff22f0dd0c54fc521042cc607f6ff4b531a"

[[projects]]
  name = "golang.org/x/time"
  packages = ["rate"]
  revision = "8be79e1e0910c292df4e79c241bb7e8f7e725959"

[[projects]]
  name = "google.golang.org/api"
  packages = ["gensupport","googleapi","googleapi/internal/uritemplates","googleapi/transport","vision/v1"]
  revision = "66a8bc6d16488febe10aa767dce67cbf3e7dd21d"

[[projects]]
  name = "googlemaps.github.io/maps"
  packages = [".","internal"]
  revision = "481c6529207721c062e9a94ac4eb14f2d11f34b7"

[solve-meta]
  analyzer-name = "dep"
  analyzer-version = 1
  inputs-digest = "40c59cad38a85748ce553dd676f197922e77e6c9320065139e3a51bd1f09b9c3"
  solver-name = "gps-cdcl"
  solver-version = 1
